{
  "nodes": {
    "nixpkgs": {
      "locked": {
        "lastModified": 1689956312,
        "narHash": "sha256-NV9yamMhE5jgz+ZSM2IgXeYqOvmGIbIIJ+AFIhfD7Ek=",
        "owner": "NixOS",
        "repo": "nixpkgs",
        "rev": "6da4bc6cb07cba1b8e53d139cbf1d2fb8061d967",
        "type": "github"
      },
      "original": {
        "owner": "NixOS",
        "ref": "nixos-23.05",
        "repo": "nixpkgs",
        "type": "github"
      }
    },
    "nixpkgs-bcachefs": {
      "locked": {
        "lastModified": 1669778592,
        "narHash": "sha256-gS2aHNylkP5x3J9m/Mha0ZSKMDmbR5fxLctLANiP6cI=",
        "owner": "YellowOnion",
        "repo": "nixpkgs",
        "rev": "3bee5fd71aef02028a306e6efdbe6fb2bd5f3b8b",
        "type": "github"
      },
      "original": {
        "owner": "YellowOnion",
        "ref": "bcachefs-fix",
        "repo": "nixpkgs",
        "type": "github"
      }
    },
    "root": {
      "inputs": {
        "nixpkgs": "nixpkgs",
        "nixpkgs-bcachefs": "nixpkgs-bcachefs"
      }
    }
  },
  "root": "root",
  "version": 7
}
